// !$*UTF8*$!
{
	archiveVersion = 1;
	classes = {
	};
	objectVersion = 56;
	objects = {

/* Begin PBXBuildFile section */
		33EF428F291C0500002BBCD9 /* AppDelegate.swift in Sources */ = {isa = PBXBuildFile; fileRef = 33EF428E291C0500002BBCD9 /* AppDelegate.swift */; };
		33EF4291291C0500002BBCD9 /* SceneDelegate.swift in Sources */ = {isa = PBXBuildFile; fileRef = 33EF4290291C0500002BBCD9 /* SceneDelegate.swift */; };
		33EF4293291C0500002BBCD9 /* ViewController.swift in Sources */ = {isa = PBXBuildFile; fileRef = 33EF4292291C0500002BBCD9 /* ViewController.swift */; };
		33EF4296291C0500002BBCD9 /* Main.storyboard in Resources */ = {isa = PBXBuildFile; fileRef = 33EF4294291C0500002BBCD9 /* Main.storyboard */; };
		33EF4298291C0502002BBCD9 /* Assets.xcassets in Resources */ = {isa = PBXBuildFile; fileRef = 33EF4297291C0502002BBCD9 /* Assets.xcassets */; };
		33EF429B291C0502002BBCD9 /* LaunchScreen.storyboard in Resources */ = {isa = PBXBuildFile; fileRef = 33EF4299291C0502002BBCD9 /* LaunchScreen.storyboard */; };
		33EF42A6291C0502002BBCD9 /* tupleTests.swift in Sources */ = {isa = PBXBuildFile; fileRef = 33EF42A5291C0502002BBCD9 /* tupleTests.swift */; };
		33EF42B0291C0502002BBCD9 /* tupleUITests.swift in Sources */ = {isa = PBXBuildFile; fileRef = 33EF42AF291C0502002BBCD9 /* tupleUITests.swift */; };
		33EF42B2291C0502002BBCD9 /* tupleUITestsLaunchTests.swift in Sources */ = {isa = PBXBuildFile; fileRef = 33EF42B1291C0502002BBCD9 /* tupleUITestsLaunchTests.swift */; };
/* End PBXBuildFile section */

/* Begin PBXContainerItemProxy section */
		33EF42A2291C0502002BBCD9 /* PBXContainerItemProxy */ = {
			isa = PBXContainerItemProxy;
			containerPortal = 33EF4283291C0500002BBCD9 /* Project object */;
			proxyType = 1;
			remoteGlobalIDString = 33EF428A291C0500002BBCD9;
			remoteInfo = tuple;
		};
		33EF42AC291C0502002BBCD9 /* PBXContainerItemProxy */ = {
			isa = PBXContainerItemProxy;
			containerPortal = 33EF4283291C0500002BBCD9 /* Project object */;
			proxyType = 1;
			remoteGlobalIDString = 33EF428A291C0500002BBCD9;
			remoteInfo = tuple;
		};
/* End PBXContainerItemProxy section */

/* Begin PBXFileReference section */
		33EF428B291C0500002BBCD9 /* tuple.app */ = {isa = PBXFileReference; explicitFileType = wrapper.application; includeInIndex = 0; path = tuple.app; sourceTree = BUILT_PRODUCTS_DIR; };
		33EF428E291C0500002BBCD9 /* AppDelegate.swift */ = {isa = PBXFileReference; lastKnownFileType = sourcecode.swift; path = AppDelegate.swift; sourceTree = "<group>"; };
		33EF4290291C0500002BBCD9 /* SceneDelegate.swift */ = {isa = PBXFileReference; lastKnownFileType = sourcecode.swift; path = SceneDelegate.swift; sourceTree = "<group>"; };
		33EF4292291C0500002BBCD9 /* ViewController.swift */ = {isa = PBXFileReference; lastKnownFileType = sourcecode.swift; path = ViewController.swift; sourceTree = "<group>"; };
		33EF4295291C0500002BBCD9 /* Base */ = {isa = PBXFileReference; lastKnownFileType = file.storyboard; name = Base; path = Base.lproj/Main.storyboard; sourceTree = "<group>"; };
		33EF4297291C0502002BBCD9 /* Assets.xcassets */ = {isa = PBXFileReference; lastKnownFileType = folder.assetcatalog; path = Assets.xcassets; sourceTree = "<group>"; };
		33EF429A291C0502002BBCD9 /* Base */ = {isa = PBXFileReference; lastKnownFileType = file.storyboard; name = Base; path = Base.lproj/LaunchScreen.storyboard; sourceTree = "<group>"; };
		33EF429C291C0502002BBCD9 /* Info.plist */ = {isa = PBXFileReference; lastKnownFileType = text.plist.xml; path = Info.plist; sourceTree = "<group>"; };
		33EF42A1291C0502002BBCD9 /* tupleTests.xctest */ = {isa = PBXFileReference; explicitFileType = wrapper.cfbundle; includeInIndex = 0; path = tupleTests.xctest; sourceTree = BUILT_PRODUCTS_DIR; };
		33EF42A5291C0502002BBCD9 /* tupleTests.swift */ = {isa = PBXFileReference; lastKnownFileType = sourcecode.swift; path = tupleTests.swift; sourceTree = "<group>"; };
		33EF42AB291C0502002BBCD9 /* tupleUITests.xctest */ = {isa = PBXFileReference; explicitFileType = wrapper.cfbundle; includeInIndex = 0; path = tupleUITests.xctest; sourceTree = BUILT_PRODUCTS_DIR; };
		33EF42AF291C0502002BBCD9 /* tupleUITests.swift */ = {isa = PBXFileReference; lastKnownFileType = sourcecode.swift; path = tupleUITests.swift; sourceTree = "<group>"; };
		33EF42B1291C0502002BBCD9 /* tupleUITestsLaunchTests.swift */ = {isa = PBXFileReference; lastKnownFileType = sourcecode.swift; path = tupleUITestsLaunchTests.swift; sourceTree = "<group>"; };
/* End PBXFileReference section */

/* Begin PBXFrameworksBuildPhase section */
		33EF4288291C0500002BBCD9 /* Frameworks */ = {
			isa = PBXFrameworksBuildPhase;
			buildActionMask = 2147483647;
			files = (
			);
			runOnlyForDeploymentPostprocessing = 0;
		};
		33EF429E291C0502002BBCD9 /* Frameworks */ = {
			isa = PBXFrameworksBuildPhase;
			buildActionMask = 2147483647;
			files = (
			);
			runOnlyForDeploymentPostprocessing = 0;
		};
		33EF42A8291C0502002BBCD9 /* Frameworks */ = {
			isa = PBXFrameworksBuildPhase;
			buildActionMask = 2147483647;
			files = (
			);
			runOnlyForDeploymentPostprocessing = 0;
		};
/* End PBXFrameworksBuildPhase section */

/* Begin PBXGroup section */
		33EF4282291C0500002BBCD9 = {
			isa = PBXGroup;
			children = (
				33EF428D291C0500002BBCD9 /* tuple */,
				33EF42A4291C0502002BBCD9 /* tupleTests */,
				33EF42AE291C0502002BBCD9 /* tupleUITests */,
				33EF428C291C0500002BBCD9 /* Products */,
			);
			sourceTree = "<group>";
		};
		33EF428C291C0500002BBCD9 /* Products */ = {
			isa = PBXGroup;
			children = (
				33EF428B291C0500002BBCD9 /* tuple.app */,
				33EF42A1291C0502002BBCD9 /* tupleTests.xctest */,
				33EF42AB291C0502002BBCD9 /* tupleUITests.xctest */,
			);
			name = Products;
			sourceTree = "<group>";
		};
		33EF428D291C0500002BBCD9 /* tuple */ = {
			isa = PBXGroup;
			children = (
				33EF428E291C0500002BBCD9 /* AppDelegate.swift */,
				33EF4290291C0500002BBCD9 /* SceneDelegate.swift */,
				33EF4292291C0500002BBCD9 /* ViewController.swift */,
				33EF4294291C0500002BBCD9 /* Main.storyboard */,
				33EF4297291C0502002BBCD9 /* Assets.xcassets */,
				33EF4299291C0502002BBCD9 /* LaunchScreen.storyboard */,
				33EF429C291C0502002BBCD9 /* Info.plist */,
			);
			path = tuple;
			sourceTree = "<group>";
		};
		33EF42A4291C0502002BBCD9 /* tupleTests */ = {
			isa = PBXGroup;
			children = (
				33EF42A5291C0502002BBCD9 /* tupleTests.swift */,
			);
			path = tupleTests;
			sourceTree = "<group>";
		};
		33EF42AE291C0502002BBCD9 /* tupleUITests */ = {
			isa = PBXGroup;
			children = (
				33EF42AF291C0502002BBCD9 /* tupleUITests.swift */,
				33EF42B1291C0502002BBCD9 /* tupleUITestsLaunchTests.swift */,
			);
			path = tupleUITests;
			sourceTree = "<group>";
		};
/* End PBXGroup section */

/* Begin PBXNativeTarget section */
		33EF428A291C0500002BBCD9 /* tuple */ = {
			isa = PBXNativeTarget;
			buildConfigurationList = 33EF42B5291C0502002BBCD9 /* Build configuration list for PBXNativeTarget "tuple" */;
			buildPhases = (
				33EF4287291C0500002BBCD9 /* Sources */,
				33EF4288291C0500002BBCD9 /* Frameworks */,
				33EF4289291C0500002BBCD9 /* Resources */,
			);
			buildRules = (
			);
			dependencies = (
			);
			name = tuple;
			productName = tuple;
			productReference = 33EF428B291C0500002BBCD9 /* tuple.app */;
			productType = "com.apple.product-type.application";
		};
		33EF42A0291C0502002BBCD9 /* tupleTests */ = {
			isa = PBXNativeTarget;
			buildConfigurationList = 33EF42B8291C0502002BBCD9 /* Build configuration list for PBXNativeTarget "tupleTests" */;
			buildPhases = (
				33EF429D291C0502002BBCD9 /* Sources */,
				33EF429E291C0502002BBCD9 /* Frameworks */,
				33EF429F291C0502002BBCD9 /* Resources */,
			);
			buildRules = (
			);
			dependencies = (
				33EF42A3291C0502002BBCD9 /* PBXTargetDependency */,
			);
			name = tupleTests;
			productName = tupleTests;
			productReference = 33EF42A1291C0502002BBCD9 /* tupleTests.xctest */;
			productType = "com.apple.product-type.bundle.unit-test";
		};
		33EF42AA291C0502002BBCD9 /* tupleUITests */ = {
			isa = PBXNativeTarget;
			buildConfigurationList = 33EF42BB291C0502002BBCD9 /* Build configuration list for PBXNativeTarget "tupleUITests" */;
			buildPhases = (
				33EF42A7291C0502002BBCD9 /* Sources */,
				33EF42A8291C0502002BBCD9 /* Frameworks */,
				33EF42A9291C0502002BBCD9 /* Resources */,
			);
			buildRules = (
			);
			dependencies = (
				33EF42AD291C0502002BBCD9 /* PBXTargetDependency */,
			);
			name = tupleUITests;
			productName = tupleUITests;
			productReference = 33EF42AB291C0502002BBCD9 /* tupleUITests.xctest */;
			productType = "com.apple.product-type.bundle.ui-testing";
		};
/* End PBXNativeTarget section */

/* Begin PBXProject section */
		33EF4283291C0500002BBCD9 /* Project object */ = {
			isa = PBXProject;
			attributes = {
				BuildIndependentTargetsInParallel = 1;
				LastSwiftUpdateCheck = 1400;
				LastUpgradeCheck = 1400;
				TargetAttributes = {
					33EF428A291C0500002BBCD9 = {
						CreatedOnToolsVersion = 14.0.1;
					};
					33EF42A0291C0502002BBCD9 = {
						CreatedOnToolsVersion = 14.0.1;
						TestTargetID = 33EF428A291C0500002BBCD9;
					};
					33EF42AA291C0502002BBCD9 = {
						CreatedOnToolsVersion = 14.0.1;
						TestTargetID = 33EF428A291C0500002BBCD9;
					};
				};
			};
			buildConfigurationList = 33EF4286291C0500002BBCD9 /* Build configuration list for PBXProject "tuple" */;
			compatibilityVersion = "Xcode 14.0";
			developmentRegion = en;
			hasScannedForEncodings = 0;
			knownRegions = (
				en,
				Base,
			);
			mainGroup = 33EF4282291C0500002BBCD9;
			productRefGroup = 33EF428C291C0500002BBCD9 /* Products */;
			projectDirPath = "";
			projectRoot = "";
			targets = (
				33EF428A291C0500002BBCD9 /* tuple */,
				33EF42A0291C0502002BBCD9 /* tupleTests */,
				33EF42AA291C0502002BBCD9 /* tupleUITests */,
			);
		};
/* End PBXProject section */

/* Begin PBXResourcesBuildPhase section */
		33EF4289291C0500002BBCD9 /* Resources */ = {
			isa = PBXResourcesBuildPhase;
			buildActionMask = 2147483647;
			files = (
				33EF429B291C0502002BBCD9 /* LaunchScreen.storyboard in Resources */,
				33EF4298291C0502002BBCD9 /* Assets.xcassets in Resources */,
				33EF4296291C0500002BBCD9 /* Main.storyboard in Resources */,
			);
			runOnlyForDeploymentPostprocessing = 0;
		};
		33EF429F291C0502002BBCD9 /* Resources */ = {
			isa = PBXResourcesBuildPhase;
			buildActionMask = 2147483647;
			files = (
			);
			runOnlyForDeploymentPostprocessing = 0;
		};
		33EF42A9291C0502002BBCD9 /* Resources */ = {
			isa = PBXResourcesBuildPhase;
			buildActionMask = 2147483647;
			files = (
			);
			runOnlyForDeploymentPostprocessing = 0;
		};
/* End PBXResourcesBuildPhase section */

/* Begin PBXSourcesBuildPhase section */
		33EF4287291C0500002BBCD9 /* Sources */ = {
			isa = PBXSourcesBuildPhase;
			buildActionMask = 2147483647;
			files = (
				33EF4293291C0500002BBCD9 /* ViewController.swift in Sources */,
				33EF428F291C0500002BBCD9 /* AppDelegate.swift in Sources */,
				33EF4291291C0500002BBCD9 /* SceneDelegate.swift in Sources */,
			);
			runOnlyForDeploymentPostprocessing = 0;
		};
		33EF429D291C0502002BBCD9 /* Sources */ = {
			isa = PBXSourcesBuildPhase;
			buildActionMask = 2147483647;
			files = (
				33EF42A6291C0502002BBCD9 /* tupleTests.swift in Sources */,
			);
			runOnlyForDeploymentPostprocessing = 0;
		};
		33EF42A7291C0502002BBCD9 /* Sources */ = {
			isa = PBXSourcesBuildPhase;
			buildActionMask = 2147483647;
			files = (
				33EF42B0291C0502002BBCD9 /* tupleUITests.swift in Sources */,
				33EF42B2291C0502002BBCD9 /* tupleUITestsLaunchTests.swift in Sources */,
			);
			runOnlyForDeploymentPostprocessing = 0;
		};
/* End PBXSourcesBuildPhase section */

/* Begin PBXTargetDependency section */
		33EF42A3291C0502002BBCD9 /* PBXTargetDependency */ = {
			isa = PBXTargetDependency;
			target = 33EF428A291C0500002BBCD9 /* tuple */;
			targetProxy = 33EF42A2291C0502002BBCD9 /* PBXContainerItemProxy */;
		};
		33EF42AD291C0502002BBCD9 /* PBXTargetDependency */ = {
			isa = PBXTargetDependency;
			target = 33EF428A291C0500002BBCD9 /* tuple */;
			targetProxy = 33EF42AC291C0502002BBCD9 /* PBXContainerItemProxy */;
		};
/* End PBXTargetDependency section */

/* Begin PBXVariantGroup section */
		33EF4294291C0500002BBCD9 /* Main.storyboard */ = {
			isa = PBXVariantGroup;
			children = (
				33EF4295291C0500002BBCD9 /* Base */,
			);
			name = Main.storyboard;
			sourceTree = "<group>";
		};
		33EF4299291C0502002BBCD9 /* LaunchScreen.storyboard */ = {
			isa = PBXVariantGroup;
			children = (
				33EF429A291C0502002BBCD9 /* Base */,
			);
			name = LaunchScreen.storyboard;
			sourceTree = "<group>";
		};
/* End PBXVariantGroup section */

/* Begin XCBuildConfiguration section */
		33EF42B3291C0502002BBCD9 /* Debug */ = {
			isa = XCBuildConfiguration;
			buildSettings = {
				ALWAYS_SEARCH_USER_PATHS = NO;
				CLANG_ANALYZER_NONNULL = YES;
				CLANG_ANALYZER_NUMBER_OBJECT_CONVERSION = YES_AGGRESSIVE;
				CLANG_CXX_LANGUAGE_STANDARD = "gnu++20";
				CLANG_ENABLE_MODULES = YES;
				CLANG_ENABLE_OBJC_ARC = YES;
				CLANG_ENABLE_OBJC_WEAK = YES;
				CLANG_WARN_BLOCK_CAPTURE_AUTORELEASING = YES;
				CLANG_WARN_BOOL_CONVERSION = YES;
				CLANG_WARN_COMMA = YES;
				CLANG_WARN_CONSTANT_CONVERSION = YES;
				CLANG_WARN_DEPRECATED_OBJC_IMPLEMENTATIONS = YES;
				CLANG_WARN_DIRECT_OBJC_ISA_USAGE = YES_ERROR;
				CLANG_WARN_DOCUMENTATION_COMMENTS = YES;
				CLANG_WARN_EMPTY_BODY = YES;
				CLANG_WARN_ENUM_CONVERSION = YES;
				CLANG_WARN_INFINITE_RECURSION = YES;
				CLANG_WARN_INT_CONVERSION = YES;
				CLANG_WARN_NON_LITERAL_NULL_CONVERSION = YES;
				CLANG_WARN_OBJC_IMPLICIT_RETAIN_SELF = YES;
				CLANG_WARN_OBJC_LITERAL_CONVERSION = YES;
				CLANG_WARN_OBJC_ROOT_CLASS = YES_ERROR;
				CLANG_WARN_QUOTED_INCLUDE_IN_FRAMEWORK_HEADER = YES;
				CLANG_WARN_RANGE_LOOP_ANALYSIS = YES;
				CLANG_WARN_STRICT_PROTOTYPES = YES;
				CLANG_WARN_SUSPICIOUS_MOVE = YES;
				CLANG_WARN_UNGUARDED_AVAILABILITY = YES_AGGRESSIVE;
				CLANG_WARN_UNREACHABLE_CODE = YES;
				CLANG_WARN__DUPLICATE_METHOD_MATCH = YES;
				COPY_PHASE_STRIP = NO;
				DEBUG_INFORMATION_FORMAT = dwarf;
				ENABLE_STRICT_OBJC_MSGSEND = YES;
				ENABLE_TESTABILITY = YES;
				GCC_C_LANGUAGE_STANDARD = gnu11;
				GCC_DYNAMIC_NO_PIC = NO;
				GCC_NO_COMMON_BLOCKS = YES;
				GCC_OPTIMIZATION_LEVEL = 0;
				GCC_PREPROCESSOR_DEFINITIONS = (
					"DEBUG=1",
					"$(inherited)",
				);
				GCC_WARN_64_TO_32_BIT_CONVERSION = YES;
				GCC_WARN_ABOUT_RETURN_TYPE = YES_ERROR;
				GCC_WARN_UNDECLARED_SELECTOR = YES;
				GCC_WARN_UNINITIALIZED_AUTOS = YES_AGGRESSIVE;
				GCC_WARN_UNUSED_FUNCTION = YES;
				GCC_WARN_UNUSED_VARIABLE = YES;
				IPHONEOS_DEPLOYMENT_TARGET = 16.0;
				MTL_ENABLE_DEBUG_INFO = INCLUDE_SOURCE;
				MTL_FAST_MATH = YES;
				ONLY_ACTIVE_ARCH = YES;
				SDKROOT = iphoneos;
				SWIFT_ACTIVE_COMPILATION_CONDITIONS = DEBUG;
				SWIFT_OPTIMIZATION_LEVEL = "-Onone";
			};
			name = Debug;
		};
		33EF42B4291C0502002BBCD9 /* Release */ = {
			isa = XCBuildConfiguration;
			buildSettings = {
				ALWAYS_SEARCH_USER_PATHS = NO;
				CLANG_ANALYZER_NONNULL = YES;
				CLANG_ANALYZER_NUMBER_OBJECT_CONVERSION = YES_AGGRESSIVE;
				CLANG_CXX_LANGUAGE_STANDARD = "gnu++20";
				CLANG_ENABLE_MODULES = YES;
				CLANG_ENABLE_OBJC_ARC = YES;
				CLANG_ENABLE_OBJC_WEAK = YES;
				CLANG_WARN_BLOCK_CAPTURE_AUTORELEASING = YES;
				CLANG_WARN_BOOL_CONVERSION = YES;
				CLANG_WARN_COMMA = YES;
				CLANG_WARN_CONSTANT_CONVERSION = YES;
				CLANG_WARN_DEPRECATED_OBJC_IMPLEMENTATIONS = YES;
				CLANG_WARN_DIRECT_OBJC_ISA_USAGE = YES_ERROR;
				CLANG_WARN_DOCUMENTATION_COMMENTS = YES;
				CLANG_WARN_EMPTY_BODY = YES;
				CLANG_WARN_ENUM_CONVERSION = YES;
				CLANG_WARN_INFINITE_RECURSION = YES;
				CLANG_WARN_INT_CONVERSION = YES;
				CLANG_WARN_NON_LITERAL_NULL_CONVERSION = YES;
				CLANG_WARN_OBJC_IMPLICIT_RETAIN_SELF = YES;
				CLANG_WARN_OBJC_LITERAL_CONVERSION = YES;
				CLANG_WARN_OBJC_ROOT_CLASS = YES_ERROR;
				CLANG_WARN_QUOTED_INCLUDE_IN_FRAMEWORK_HEADER = YES;
				CLANG_WARN_RANGE_LOOP_ANALYSIS = YES;
				CLANG_WARN_STRICT_PROTOTYPES = YES;
				CLANG_WARN_SUSPICIOUS_MOVE = YES;
				CLANG_WARN_UNGUARDED_AVAILABILITY = YES_AGGRESSIVE;
				CLANG_WARN_UNREACHABLE_CODE = YES;
				CLANG_WARN__DUPLICATE_METHOD_MATCH = YES;
				COPY_PHASE_STRIP = NO;
				DEBUG_INFORMATION_FORMAT = "dwarf-with-dsym";
				ENABLE_NS_ASSERTIONS = NO;
				ENABLE_STRICT_OBJC_MSGSEND = YES;
				GCC_C_LANGUAGE_STANDARD = gnu11;
				GCC_NO_COMMON_BLOCKS = YES;
				GCC_WARN_64_TO_32_BIT_CONVERSION = YES;
				GCC_WARN_ABOUT_RETURN_TYPE = YES_ERROR;
				GCC_WARN_UNDECLARED_SELECTOR = YES;
				GCC_WARN_UNINITIALIZED_AUTOS = YES_AGGRESSIVE;
				GCC_WARN_UNUSED_FUNCTION = YES;
				GCC_WARN_UNUSED_VARIABLE = YES;
				IPHONEOS_DEPLOYMENT_TARGET = 16.0;
				MTL_ENABLE_DEBUG_INFO = NO;
				MTL_FAST_MATH = YES;
				SDKROOT = iphoneos;
				SWIFT_COMPILATION_MODE = wholemodule;
				SWIFT_OPTIMIZATION_LEVEL = "-O";
				VALIDATE_PRODUCT = YES;
			};
			name = Release;
		};
		33EF42B6291C0502002BBCD9 /* Debug */ = {
			isa = XCBuildConfiguration;
			buildSettings = {
				ASSETCATALOG_COMPILER_APPICON_NAME = AppIcon;
				ASSETCATALOG_COMPILER_GLOBAL_ACCENT_COLOR_NAME = AccentColor;
				CODE_SIGN_STYLE = Automatic;
				CURRENT_PROJECT_VERSION = 1;
				GENERATE_INFOPLIST_FILE = YES;
				INFOPLIST_FILE = tuple/Info.plist;
				INFOPLIST_KEY_UIApplicationSupportsIndirectInputEvents = YES;
				INFOPLIST_KEY_UILaunchStoryboardName = LaunchScreen;
				INFOPLIST_KEY_UIMainStoryboardFile = Main;
				INFOPLIST_KEY_UISupportedInterfaceOrientations_iPad = "UIInterfaceOrientationPortrait UIInterfaceOrientationPortraitUpsideDown UIInterfaceOrientationLandscapeLeft UIInterfaceOrientationLandscapeRight";
				INFOPLIST_KEY_UISupportedInterfaceOrientations_iPhone = "UIInterfaceOrientationPortrait UIInterfaceOrientationLandscapeLeft UIInterfaceOrientationLandscapeRight";
				LD_RUNPATH_SEARCH_PATHS = (
					"$(inherited)",
					"@executable_path/Frameworks",
				);
				MARKETING_VERSION = 1.0;
				PRODUCT_BUNDLE_IDENTIFIER = ya.tuple;
				PRODUCT_NAME = "$(TARGET_NAME)";
				SWIFT_EMIT_LOC_STRINGS = YES;
				SWIFT_VERSION = 5.0;
				TARGETED_DEVICE_FAMILY = "1,2";
			};
			name = Debug;
		};
		33EF42B7291C0502002BBCD9 /* Release */ = {
			isa = XCBuildConfiguration;
			buildSettings = {
				ASSETCATALOG_COMPILER_APPICON_NAME = AppIcon;
				ASSETCATALOG_COMPILER_GLOBAL_ACCENT_COLOR_NAME = AccentColor;
				CODE_SIGN_STYLE = Automatic;
				CURRENT_PROJECT_VERSION = 1;
				GENERATE_INFOPLIST_FILE = YES;
				INFOPLIST_FILE = tuple/Info.plist;
				INFOPLIST_KEY_UIApplicationSupportsIndirectInputEvents = YES;
				INFOPLIST_KEY_UILaunchStoryboardName = LaunchScreen;
				INFOPLIST_KEY_UIMainStoryboardFile = Main;
				INFOPLIST_KEY_UISupportedInterfaceOrientations_iPad = "UIInterfaceOrientationPortrait UIInterfaceOrientationPortraitUpsideDown UIInterfaceOrientationLandscapeLeft UIInterfaceOrientationLandscapeRight";
				INFOPLIST_KEY_UISupportedInterfaceOrientations_iPhone = "UIInterfaceOrientationPortrait UIInterfaceOrientationLandscapeLeft UIInterfaceOrientationLandscapeRight";
				LD_RUNPATH_SEARCH_PATHS = (
					"$(inherited)",
					"@executable_path/Frameworks",
				);
				MARKETING_VERSION = 1.0;
				PRODUCT_BUNDLE_IDENTIFIER = ya.tuple;
				PRODUCT_NAME = "$(TARGET_NAME)";
				SWIFT_EMIT_LOC_STRINGS = YES;
				SWIFT_VERSION = 5.0;
				TARGETED_DEVICE_FAMILY = "1,2";
			};
			name = Release;
		};
		33EF42B9291C0502002BBCD9 /* Debug */ = {
			isa = XCBuildConfiguration;
			buildSettings = {
				ALWAYS_EMBED_SWIFT_STANDARD_LIBRARIES = YES;
				BUNDLE_LOADER = "$(TEST_HOST)";
				CODE_SIGN_STYLE = Automatic;
				CURRENT_PROJECT_VERSION = 1;
				GENERATE_INFOPLIST_FILE = YES;
				IPHONEOS_DEPLOYMENT_TARGET = 16.0;
				MARKETING_VERSION = 1.0;
				PRODUCT_BUNDLE_IDENTIFIER = ya.tupleTests;
				PRODUCT_NAME = "$(TARGET_NAME)";
				SWIFT_EMIT_LOC_STRINGS = NO;
				SWIFT_VERSION = 5.0;
				TARGETED_DEVICE_FAMILY = "1,2";
				TEST_HOST = "$(BUILT_PRODUCTS_DIR)/tuple.app/$(BUNDLE_EXECUTABLE_FOLDER_PATH)/tuple";
			};
			name = Debug;
		};
		33EF42BA291C0502002BBCD9 /* Release */ = {
			isa = XCBuildConfiguration;
			buildSettings = {
				ALWAYS_EMBED_SWIFT_STANDARD_LIBRARIES = YES;
				BUNDLE_LOADER = "$(TEST_HOST)";
				CODE_SIGN_STYLE = Automatic;
				CURRENT_PROJECT_VERSION = 1;
				GENERATE_INFOPLIST_FILE = YES;
				IPHONEOS_DEPLOYMENT_TARGET = 16.0;
				MARKETING_VERSION = 1.0;
				PRODUCT_BUNDLE_IDENTIFIER = ya.tupleTests;
				PRODUCT_NAME = "$(TARGET_NAME)";
				SWIFT_EMIT_LOC_STRINGS = NO;
				SWIFT_VERSION = 5.0;
				TARGETED_DEVICE_FAMILY = "1,2";
				TEST_HOST = "$(BUILT_PRODUCTS_DIR)/tuple.app/$(BUNDLE_EXECUTABLE_FOLDER_PATH)/tuple";
			};
			name = Release;
		};
		33EF42BC291C0502002BBCD9 /* Debug */ = {
			isa = XCBuildConfiguration;
			buildSettings = {
				ALWAYS_EMBED_SWIFT_STANDARD_LIBRARIES = YES;
				CODE_SIGN_STYLE = Automatic;
				CURRENT_PROJECT_VERSION = 1;
				GENERATE_INFOPLIST_FILE = YES;
				MARKETING_VERSION = 1.0;
				PRODUCT_BUNDLE_IDENTIFIER = ya.tupleUITests;
				PRODUCT_NAME = "$(TARGET_NAME)";
				SWIFT_EMIT_LOC_STRINGS = NO;
				SWIFT_VERSION = 5.0;
				TARGETED_DEVICE_FAMILY = "1,2";
				TEST_TARGET_NAME = tuple;
			};
			name = Debug;
		};
		33EF42BD291C0502002BBCD9 /* Release */ = {
			isa = XCBuildConfiguration;
			buildSettings = {
				ALWAYS_EMBED_SWIFT_STANDARD_LIBRARIES = YES;
				CODE_SIGN_STYLE = Automatic;
				CURRENT_PROJECT_VERSION = 1;
				GENERATE_INFOPLIST_FILE = YES;
				MARKETING_VERSION = 1.0;
				PRODUCT_BUNDLE_IDENTIFIER = ya.tupleUITests;
				PRODUCT_NAME = "$(TARGET_NAME)";
				SWIFT_EMIT_LOC_STRINGS = NO;
				SWIFT_VERSION = 5.0;
				TARGETED_DEVICE_FAMILY = "1,2";
				TEST_TARGET_NAME = tuple;
			};
			name = Release;
		};
/* End XCBuildConfiguration section */

/* Begin XCConfigurationList section */
		33EF4286291C0500002BBCD9 /* Build configuration list for PBXProject "tuple" */ = {
			isa = XCConfigurationList;
			buildConfigurations = (
				33EF42B3291C0502002BBCD9 /* Debug */,
				33EF42B4291C0502002BBCD9 /* Release */,
			);
			defaultConfigurationIsVisible = 0;
			defaultConfigurationName = Release;
		};
		33EF42B5291C0502002BBCD9 /* Build configuration list for PBXNativeTarget "tuple" */ = {
			isa = XCConfigurationList;
			buildConfigurations = (
				33EF42B6291C0502002BBCD9 /* Debug */,
				33EF42B7291C0502002BBCD9 /* Release */,
			);
			defaultConfigurationIsVisible = 0;
			defaultConfigurationName = Release;
		};
		33EF42B8291C0502002BBCD9 /* Build configuration list for PBXNativeTarget "tupleTests" */ = {
			isa = XCConfigurationList;
			buildConfigurations = (
				33EF42B9291C0502002BBCD9 /* Debug */,
				33EF42BA291C0502002BBCD9 /* Release */,
			);
			defaultConfigurationIsVisible = 0;
			defaultConfigurationName = Release;
		};
		33EF42BB291C0502002BBCD9 /* Build configuration list for PBXNativeTarget "tupleUITests" */ = {
			isa = XCConfigurationList;
			buildConfigurations = (
				33EF42BC291C0502002BBCD9 /* Debug */,
				33EF42BD291C0502002BBCD9 /* Release */,
			);
			defaultConfigurationIsVisible = 0;
			defaultConfigurationName = Release;
		};
/* End XCConfigurationList section */
	};
	rootObject = 33EF4283291C0500002BBCD9 /* Project object */;
}
